
Microsoft Visual Studio Solution File, Format Version 12.00
# Visual Studio Version 17
VisualStudioVersion = 17.13.35919.96 d17.13
MinimumVisualStudioVersion = 10.0.40219.1
Project("{2150E333-8FDC-42A3-9474-1A3956D46DE8}") = "Docs", "Docs", "{02EA681E-C7D8-13C7-8484-4AC65E1B71E8}"
EndProject
Project("{2150E333-8FDC-42A3-9474-1A3956D46DE8}") = "Src", "Src", "{3C804460-644D-408D-B87D-DA60FD530244}"
EndProject
Project("{2150E333-8FDC-42A3-9474-1A3956D46DE8}") = "Test", "Test", "{1C97FB8F-F265-4EC3-88E9-4B56761BE6BF}"
EndProject
Project("{2150E333-8FDC-42A3-9474-1A3956D46DE8}") = "Domain", "Domain", "{D46FEED0-6002-4500-B079-E42D9701E023}"
EndProject
Project("{2150E333-8FDC-42A3-9474-1A3956D46DE8}") = "Commons", "Commons", "{B539618F-69F8-4CBA-AC33-29CF224A6AC7}"
EndProject
Project("{2150E333-8FDC-42A3-9474-1A3956D46DE8}") = "Core", "Core", "{E26E6063-9B8C-4F45-9F2A-873620DBF2AA}"
EndProject
Project("{2150E333-8FDC-42A3-9474-1A3956D46DE8}") = "Infrastructure", "Infrastructure", "{491A7826-0ED8-4436-B9B7-2CEA30777362}"
EndProject
Project("{2150E333-8FDC-42A3-9474-1A3956D46DE8}") = "Presentation", "Presentation", "{8BBD63EF-AB8E-4DD4-A031-B344C05590A4}"
EndProject
Project("{2150E333-8FDC-42A3-9474-1A3956D46DE8}") = "UnitTests", "UnitTests", "{EDFC812C-E464-4AE2-90EA-40A824B1E5C9}"
EndProject
Project("{FAE04EC0-301F-11D3-BF4B-00C04F79EFBC}") = "Blog.Common", "Blog_Common\Blog.Common.csproj", "{8BE00350-5DD4-418D-9A29-D4C41A86D4BE}"
EndProject
Project("{FAE04EC0-301F-11D3-BF4B-00C04F79EFBC}") = "Blog.Application", "Blog_Application\Blog.Application.csproj", "{9A0CA42B-A7A4-4283-8DD8-EC6736B201F3}"
EndProject
Project("{FAE04EC0-301F-11D3-BF4B-00C04F79EFBC}") = "Blog.Domain", "Blog_Domain\Blog.Domain.csproj", "{8ADD607A-C557-40C9-A906-E513E4483919}"
EndProject
Project("{FAE04EC0-301F-11D3-BF4B-00C04F79EFBC}") = "Blog.Infrastructure", "Blog_Infrastructure\Blog.Infrastructure.csproj", "{327798E1-FBC1-47FE-A7C4-0663F1C14A72}"
EndProject
Project("{FAE04EC0-301F-11D3-BF4B-00C04F79EFBC}") = "Blog.Persistence", "Blog_Persistence\Blog.Persistence.csproj", "{A14B53C7-80C3-4B80-9A22-525DF534975D}"
EndProject
Project("{FAE04EC0-301F-11D3-BF4B-00C04F79EFBC}") = "Blog.API", "Blog.API\Blog.API.csproj", "{217FEA00-C50E-4CAB-85FE-6E671135D059}"
EndProject
Global
	GlobalSection(SolutionConfigurationPlatforms) = preSolution
		Debug|Any CPU = Debug|Any CPU
		Release|Any CPU = Release|Any CPU
	EndGlobalSection
	GlobalSection(ProjectConfigurationPlatforms) = postSolution
		{8BE00350-5DD4-418D-9A29-D4C41A86D4BE}.Debug|Any CPU.ActiveCfg = Debug|Any CPU
		{8BE00350-5DD4-418D-9A29-D4C41A86D4BE}.Debug|Any CPU.Build.0 = Debug|Any CPU
		{8BE00350-5DD4-418D-9A29-D4C41A86D4BE}.Release|Any CPU.ActiveCfg = Release|Any CPU
		{8BE00350-5DD4-418D-9A29-D4C41A86D4BE}.Release|Any CPU.Build.0 = Release|Any CPU
		{9A0CA42B-A7A4-4283-8DD8-EC6736B201F3}.Debug|Any CPU.ActiveCfg = Debug|Any CPU
		{9A0CA42B-A7A4-4283-8DD8-EC6736B201F3}.Debug|Any CPU.Build.0 = Debug|Any CPU
		{9A0CA42B-A7A4-4283-8DD8-EC6736B201F3}.Release|Any CPU.ActiveCfg = Release|Any CPU
		{9A0CA42B-A7A4-4283-8DD8-EC6736B201F3}.Release|Any CPU.Build.0 = Release|Any CPU
		{8ADD607A-C557-40C9-A906-E513E4483919}.Debug|Any CPU.ActiveCfg = Debug|Any CPU
		{8ADD607A-C557-40C9-A906-E513E4483919}.Debug|Any CPU.Build.0 = Debug|Any CPU
		{8ADD607A-C557-40C9-A906-E513E4483919}.Release|Any CPU.ActiveCfg = Release|Any CPU
		{8ADD607A-C557-40C9-A906-E513E4483919}.Release|Any CPU.Build.0 = Release|Any CPU
		{327798E1-FBC1-47FE-A7C4-0663F1C14A72}.Debug|Any CPU.ActiveCfg = Debug|Any CPU
		{327798E1-FBC1-47FE-A7C4-0663F1C14A72}.Debug|Any CPU.Build.0 = Debug|Any CPU
		{327798E1-FBC1-47FE-A7C4-0663F1C14A72}.Release|Any CPU.ActiveCfg = Release|Any CPU
		{327798E1-FBC1-47FE-A7C4-0663F1C14A72}.Release|Any CPU.Build.0 = Release|Any CPU
		{A14B53C7-80C3-4B80-9A22-525DF534975D}.Debug|Any CPU.ActiveCfg = Debug|Any CPU
		{A14B53C7-80C3-4B80-9A22-525DF534975D}.Debug|Any CPU.Build.0 = Debug|Any CPU
		{A14B53C7-80C3-4B80-9A22-525DF534975D}.Release|Any CPU.ActiveCfg = Release|Any CPU
		{A14B53C7-80C3-4B80-9A22-525DF534975D}.Release|Any CPU.Build.0 = Release|Any CPU
		{217FEA00-C50E-4CAB-85FE-6E671135D059}.Debug|Any CPU.ActiveCfg = Debug|Any CPU
		{217FEA00-C50E-4CAB-85FE-6E671135D059}.Debug|Any CPU.Build.0 = Debug|Any CPU
		{217FEA00-C50E-4CAB-85FE-6E671135D059}.Release|Any CPU.ActiveCfg = Release|Any CPU
		{217FEA00-C50E-4CAB-85FE-6E671135D059}.Release|Any CPU.Build.0 = Release|Any CPU
	EndGlobalSection
	GlobalSection(SolutionProperties) = preSolution
		HideSolutionNode = FALSE
	EndGlobalSection
	GlobalSection(NestedProjects) = preSolution
		{D46FEED0-6002-4500-B079-E42D9701E023} = {02EA681E-C7D8-13C7-8484-4AC65E1B71E8}
		{B539618F-69F8-4CBA-AC33-29CF224A6AC7} = {3C804460-644D-408D-B87D-DA60FD530244}
		{E26E6063-9B8C-4F45-9F2A-873620DBF2AA} = {3C804460-644D-408D-B87D-DA60FD530244}
		{491A7826-0ED8-4436-B9B7-2CEA30777362} = {3C804460-644D-408D-B87D-DA60FD530244}
		{8BBD63EF-AB8E-4DD4-A031-B344C05590A4} = {3C804460-644D-408D-B87D-DA60FD530244}
		{EDFC812C-E464-4AE2-90EA-40A824B1E5C9} = {1C97FB8F-F265-4EC3-88E9-4B56761BE6BF}
		{8BE00350-5DD4-418D-9A29-D4C41A86D4BE} = {B539618F-69F8-4CBA-AC33-29CF224A6AC7}
		{9A0CA42B-A7A4-4283-8DD8-EC6736B201F3} = {E26E6063-9B8C-4F45-9F2A-873620DBF2AA}
		{8ADD607A-C557-40C9-A906-E513E4483919} = {E26E6063-9B8C-4F45-9F2A-873620DBF2AA}
		{327798E1-FBC1-47FE-A7C4-0663F1C14A72} = {491A7826-0ED8-4436-B9B7-2CEA30777362}
		{A14B53C7-80C3-4B80-9A22-525DF534975D} = {491A7826-0ED8-4436-B9B7-2CEA30777362}
		{217FEA00-C50E-4CAB-85FE-6E671135D059} = {8BBD63EF-AB8E-4DD4-A031-B344C05590A4}
	EndGlobalSection
	GlobalSection(ExtensibilityGlobals) = postSolution
		SolutionGuid = {20F1E99A-0758-4DD1-8922-4FE957316961}
	EndGlobalSection
EndGlobal
